
Microsoft Visual Studio Solution File, Format Version 12.00
# Visual Studio Version 17
VisualStudioVersion = 17.5.002.0
MinimumVisualStudioVersion = 10.0.40219.1
Project("{9A19103F-16F7-4668-BE54-9A1E7A4F7556}") = "comp4976_assignment1", "comp4976_assignment1.csproj", "{420A33E5-54A1-4273-8858-B34CFF107FCF}"
EndProject
Global
	GlobalSection(SolutionConfigurationPlatforms) = preSolution
		Debug|Any CPU = Debug|Any CPU
		Release|Any CPU = Release|Any CPU
	EndGlobalSection
	GlobalSection(ProjectConfigurationPlatforms) = postSolution
		{420A33E5-54A1-4273-8858-B34CFF107FCF}.Debug|Any CPU.ActiveCfg = Debug|Any CPU
		{420A33E5-54A1-4273-8858-B34CFF107FCF}.Debug|Any CPU.Build.0 = Debug|Any CPU
		{420A33E5-54A1-4273-8858-B34CFF107FCF}.Release|Any CPU.ActiveCfg = Release|Any CPU
		{420A33E5-54A1-4273-8858-B34CFF107FCF}.Release|Any CPU.Build.0 = Release|Any CPU
	EndGlobalSection
	GlobalSection(SolutionProperties) = preSolution
		HideSolutionNode = FALSE
	EndGlobalSection
	GlobalSection(ExtensibilityGlobals) = postSolution
		SolutionGuid = {8C21D8F6-1D73-4F20-BB72-B8C3F6456DC5}
	EndGlobalSection
EndGlobal
